
Microsoft Visual Studio Solution File, Format Version 12.00
# Visual Studio Version 16
VisualStudioVersion = 16.0.30114.105
MinimumVisualStudioVersion = 10.0.40219.1
Project("{FAE04EC0-301F-11D3-BF4B-00C04F79EFBC}") = "BusinessLogic", "BusinessLogic\BusinessLogic.csproj", "{04F44503-A4BC-4E43-942D-BB4B62543D2B}"
EndProject
Project("{FAE04EC0-301F-11D3-BF4B-00C04F79EFBC}") = "DataAccessLogic", "DataAccessLogic\DataAccessLogic.csproj", "{16558640-D1AE-463C-8674-0F2EC0E0BC52}"
EndProject
Project("{FAE04EC0-301F-11D3-BF4B-00C04F79EFBC}") = "Models", "Models\Models.csproj", "{159E5E58-29BD-415E-B0AF-646D82CB6A3A}"
EndProject
Project("{FAE04EC0-301F-11D3-BF4B-00C04F79EFBC}") = "UserInterface", "UserInterface\UserInterface.csproj", "{83737DD3-5E75-4220-BBA5-E53D7A21F05A}"
EndProject
Global
	GlobalSection(SolutionConfigurationPlatforms) = preSolution
		Debug|Any CPU = Debug|Any CPU
		Debug|x64 = Debug|x64
		Debug|x86 = Debug|x86
		Release|Any CPU = Release|Any CPU
		Release|x64 = Release|x64
		Release|x86 = Release|x86
	EndGlobalSection
	GlobalSection(SolutionProperties) = preSolution
		HideSolutionNode = FALSE
	EndGlobalSection
	GlobalSection(ProjectConfigurationPlatforms) = postSolution
		{04F44503-A4BC-4E43-942D-BB4B62543D2B}.Debug|Any CPU.ActiveCfg = Debug|Any CPU
		{04F44503-A4BC-4E43-942D-BB4B62543D2B}.Debug|Any CPU.Build.0 = Debug|Any CPU
		{04F44503-A4BC-4E43-942D-BB4B62543D2B}.Debug|x64.ActiveCfg = Debug|Any CPU
		{04F44503-A4BC-4E43-942D-BB4B62543D2B}.Debug|x64.Build.0 = Debug|Any CPU
		{04F44503-A4BC-4E43-942D-BB4B62543D2B}.Debug|x86.ActiveCfg = Debug|Any CPU
		{04F44503-A4BC-4E43-942D-BB4B62543D2B}.Debug|x86.Build.0 = Debug|Any CPU
		{04F44503-A4BC-4E43-942D-BB4B62543D2B}.Release|Any CPU.ActiveCfg = Release|Any CPU
		{04F44503-A4BC-4E43-942D-BB4B62543D2B}.Release|Any CPU.Build.0 = Release|Any CPU
		{04F44503-A4BC-4E43-942D-BB4B62543D2B}.Release|x64.ActiveCfg = Release|Any CPU
		{04F44503-A4BC-4E43-942D-BB4B62543D2B}.Release|x64.Build.0 = Release|Any CPU
		{04F44503-A4BC-4E43-942D-BB4B62543D2B}.Release|x86.ActiveCfg = Release|Any CPU
		{04F44503-A4BC-4E43-942D-BB4B62543D2B}.Release|x86.Build.0 = Release|Any CPU
		{16558640-D1AE-463C-8674-0F2EC0E0BC52}.Debug|Any CPU.ActiveCfg = Debug|Any CPU
		{16558640-D1AE-463C-8674-0F2EC0E0BC52}.Debug|Any CPU.Build.0 = Debug|Any CPU
		{16558640-D1AE-463C-8674-0F2EC0E0BC52}.Debug|x64.ActiveCfg = Debug|Any CPU
		{16558640-D1AE-463C-8674-0F2EC0E0BC52}.Debug|x64.Build.0 = Debug|Any CPU
		{16558640-D1AE-463C-8674-0F2EC0E0BC52}.Debug|x86.ActiveCfg = Debug|Any CPU
		{16558640-D1AE-463C-8674-0F2EC0E0BC52}.Debug|x86.Build.0 = Debug|Any CPU
		{16558640-D1AE-463C-8674-0F2EC0E0BC52}.Release|Any CPU.ActiveCfg = Release|Any CPU
		{16558640-D1AE-463C-8674-0F2EC0E0BC52}.Release|Any CPU.Build.0 = Release|Any CPU
		{16558640-D1AE-463C-8674-0F2EC0E0BC52}.Release|x64.ActiveCfg = Release|Any CPU
		{16558640-D1AE-463C-8674-0F2EC0E0BC52}.Release|x64.Build.0 = Release|Any CPU
		{16558640-D1AE-463C-8674-0F2EC0E0BC52}.Release|x86.ActiveCfg = Release|Any CPU
		{16558640-D1AE-463C-8674-0F2EC0E0BC52}.Release|x86.Build.0 = Release|Any CPU
		{159E5E58-29BD-415E-B0AF-646D82CB6A3A}.Debug|Any CPU.ActiveCfg = Debug|Any CPU
		{159E5E58-29BD-415E-B0AF-646D82CB6A3A}.Debug|Any CPU.Build.0 = Debug|Any CPU
		{159E5E58-29BD-415E-B0AF-646D82CB6A3A}.Debug|x64.ActiveCfg = Debug|Any CPU
		{159E5E58-29BD-415E-B0AF-646D82CB6A3A}.Debug|x64.Build.0 = Debug|Any CPU
		{159E5E58-29BD-415E-B0AF-646D82CB6A3A}.Debug|x86.ActiveCfg = Debug|Any CPU
		{159E5E58-29BD-415E-B0AF-646D82CB6A3A}.Debug|x86.Build.0 = Debug|Any CPU
		{159E5E58-29BD-415E-B0AF-646D82CB6A3A}.Release|Any CPU.ActiveCfg = Release|Any CPU
		{159E5E58-29BD-415E-B0AF-646D82CB6A3A}.Release|Any CPU.Build.0 = Release|Any CPU
		{159E5E58-29BD-415E-B0AF-646D82CB6A3A}.Release|x64.ActiveCfg = Release|Any CPU
		{159E5E58-29BD-415E-B0AF-646D82CB6A3A}.Release|x64.Build.0 = Release|Any CPU
		{159E5E58-29BD-415E-B0AF-646D82CB6A3A}.Release|x86.ActiveCfg = Release|Any CPU
		{159E5E58-29BD-415E-B0AF-646D82CB6A3A}.Release|x86.Build.0 = Release|Any CPU
		{83737DD3-5E75-4220-BBA5-E53D7A21F05A}.Debug|Any CPU.ActiveCfg = Debug|Any CPU
		{83737DD3-5E75-4220-BBA5-E53D7A21F05A}.Debug|Any CPU.Build.0 = Debug|Any CPU
		{83737DD3-5E75-4220-BBA5-E53D7A21F05A}.Debug|x64.ActiveCfg = Debug|Any CPU
		{83737DD3-5E75-4220-BBA5-E53D7A21F05A}.Debug|x64.Build.0 = Debug|Any CPU
		{83737DD3-5E75-4220-BBA5-E53D7A21F05A}.Debug|x86.ActiveCfg = Debug|Any CPU
		{83737DD3-5E75-4220-BBA5-E53D7A21F05A}.Debug|x86.Build.0 = Debug|Any CPU
		{83737DD3-5E75-4220-BBA5-E53D7A21F05A}.Release|Any CPU.ActiveCfg = Release|Any CPU
		{83737DD3-5E75-4220-BBA5-E53D7A21F05A}.Release|Any CPU.Build.0 = Release|Any CPU
		{83737DD3-5E75-4220-BBA5-E53D7A21F05A}.Release|x64.ActiveCfg = Release|Any CPU
		{83737DD3-5E75-4220-BBA5-E53D7A21F05A}.Release|x64.Build.0 = Release|Any CPU
		{83737DD3-5E75-4220-BBA5-E53D7A21F05A}.Release|x86.ActiveCfg = Release|Any CPU
		{83737DD3-5E75-4220-BBA5-E53D7A21F05A}.Release|x86.Build.0 = Release|Any CPU
	EndGlobalSection
EndGlobal
